dependencies:
- name: common
  repository: https://charts.bitnami.com/bitnami
  version: 1.3.4
- name: zookeeper
  repository: https://charts.bitnami.com/bitnami
  version: 5.23.0
digest: sha256:4c5128b65762285827a5f43a97a11dd9d3e63cbb494991810536f2ada8e5b0be
generated: "2021-01-16T11:43:35.238699+08:00"
